
Microsoft Visual Studio Solution File, Format Version 12.00
Project("{FAE04EC0-301F-11D3-BF4B-00C04F79EFBC}") = "ConsoleApp1", "ConsoleApp1\ConsoleApp1.csproj", "{14979C09-CC63-4171-8B03-A81F559805F6}"
EndProject
Global
	GlobalSection(SolutionConfigurationPlatforms) = preSolution
		Debug|Any CPU = Debug|Any CPU
		Release|Any CPU = Release|Any CPU
	EndGlobalSection
	GlobalSection(ProjectConfigurationPlatforms) = postSolution
		{14979C09-CC63-4171-8B03-A81F559805F6}.Debug|Any CPU.ActiveCfg = Debug|Any CPU
		{14979C09-CC63-4171-8B03-A81F559805F6}.Debug|Any CPU.Build.0 = Debug|Any CPU
		{14979C09-CC63-4171-8B03-A81F559805F6}.Release|Any CPU.ActiveCfg = Release|Any CPU
		{14979C09-CC63-4171-8B03-A81F559805F6}.Release|Any CPU.Build.0 = Release|Any CPU
	EndGlobalSection
EndGlobal
